
Microsoft Visual Studio Solution File, Format Version 12.00
# Visual Studio Version 17
VisualStudioVersion = 17.9.34622.214
MinimumVisualStudioVersion = 10.0.40219.1
Project("{FAE04EC0-301F-11D3-BF4B-00C04F79EFBC}") = "AbstractClass_cSharp", "AbstractClass_cSharp\AbstractClass_cSharp.csproj", "{705CCEAD-6FC4-4C67-B871-4EC555D31717}"
EndProject
Global
	GlobalSection(SolutionConfigurationPlatforms) = preSolution
		Debug|Any CPU = Debug|Any CPU
		Release|Any CPU = Release|Any CPU
	EndGlobalSection
	GlobalSection(ProjectConfigurationPlatforms) = postSolution
		{705CCEAD-6FC4-4C67-B871-4EC555D31717}.Debug|Any CPU.ActiveCfg = Debug|Any CPU
		{705CCEAD-6FC4-4C67-B871-4EC555D31717}.Debug|Any CPU.Build.0 = Debug|Any CPU
		{705CCEAD-6FC4-4C67-B871-4EC555D31717}.Release|Any CPU.ActiveCfg = Release|Any CPU
		{705CCEAD-6FC4-4C67-B871-4EC555D31717}.Release|Any CPU.Build.0 = Release|Any CPU
	EndGlobalSection
	GlobalSection(SolutionProperties) = preSolution
		HideSolutionNode = FALSE
	EndGlobalSection
	GlobalSection(ExtensibilityGlobals) = postSolution
		SolutionGuid = {AF9D1E61-B690-459E-BBC5-86E1A333A05F}
	EndGlobalSection
EndGlobal
